{
 "7zip": {
  "sha256": "dc99eff5008f1ab79bd7084c68513701547a808a89502bf4133683535ab3c695",
  "url": "https://github.com/ip7z/7zip/releases/download/26.03/7z2603-linux-x64.tar.xz"
 },
 "python": {
  "sha256": "936c246dfdbbfa7cb22dd01814a21f582a892689fae96b06071a5e433baffa22",
  "url": "https://github.com/astral-sh/python-build-standalone/releases/download/20260901/cpython-3.12.14%2B20260901-x86_64-unknown-linux-gnu-install_only.tar.gz"
 }
}
